# THIS IS AN AUTOGENERATED FILE. DO NOT EDIT THIS FILE DIRECTLY.
# yarn lockfile v1


commander@^2.19.0:
  version "2.20.3"
  resolved "https://registry.yarnpkg.com/commander/-/commander-2.20.3.tgz#fd485e84c03eb4881c20722ba48035e8531aeb33"
  integrity sha512-GpVkmM8vF2vQUkj2LvZmD35JxeJOLCwJ9cUkugyk2nuhbv3+mJvpLYYt+0+USMxE+oj+ey/lJEnhZw75x/OMcQ==

custom-error-instance@^2.1.1:
  version "2.1.2"
  resolved "https://registry.yarnpkg.com/custom-error-instance/-/custom-error-instance-2.1.2.tgz#dbf463ce4f12567421cc99efd2dd3fa9845a917b"
  integrity sha512-YOrdiS4b/ItbPAtyEIpkhqryoul2Bu8vtX+SN2nmxsqPnqAfh48Nu9p6zdTp9iCgCoSb6Ib8B0y4UUznaVXgtA==

indent-string@^3.2.0:
  version "3.2.0"
  resolved "https://registry.yarnpkg.com/indent-string/-/indent-string-3.2.0.tgz#4a5fd6d27cc332f37e5419a504dbb837105c9289"
  integrity sha1-Sl/W0nzDMvN+VBmlBNu4NxBckok=

invariant@^2.2.4:
  version "2.2.4"
  resolved "https://registry.yarnpkg.com/invariant/-/invariant-2.2.4.tgz#610f3c92c9359ce1db616e538008d23ff35158e6"
  integrity sha512-phJfQVBuaJM5raOpJjSfkiD6BpbCE4Ns//LaXl6wGYtUBY83nWS6Rf9tXm2e8VaK60JEjYldbPif/A2B1C2gNA==
  dependencies:
    loose-envify "^1.0.0"

"js-tokens@^3.0.0 || ^4.0.0":
  version "4.0.0"
  resolved "https://registry.yarnpkg.com/js-tokens/-/js-tokens-4.0.0.tgz#19203fb59991df98e3a287050d4647cdeaf32499"
  integrity sha512-RdJUflcE3cUzKiMqQgsCu06FPu9UdIJO0beYbPhHN4k6apgJtifcoCtT9bcxOpYBtpD2kCM6Sbzg4CausW/PKQ==

levenshtein-edit-distance@^2.0.2:
  version "2.0.5"
  resolved "https://registry.yarnpkg.com/levenshtein-edit-distance/-/levenshtein-edit-distance-2.0.5.tgz#a066eca8afb350e4d9054aed9ffeef66e78ffc83"
  integrity sha512-Yuraz7QnMX/JENJU1HA6UtdsbhRzoSFnGpVGVryjQgHtl2s/YmVgmNYkVs5yzVZ9aAvQR9wPBUH3lG755ylxGA==

loose-envify@^1.0.0:
  version "1.4.0"
  resolved "https://registry.yarnpkg.com/loose-envify/-/loose-envify-1.4.0.tgz#71ee51fa7be4caec1a63839f7e682d8132d30caf"
  integrity sha512-lyuxPGr/Wfhrlem2CL/UcnUc1zcqKAImBDzukY7Y5F/yQiNdko6+fRLevlw1HgMySw7f611UIY408EtxRSoK3Q==
  dependencies:
    js-tokens "^3.0.0 || ^4.0.0"

typescript@^4.1.5:
  version "4.1.5"
  resolved "https://registry.yarnpkg.com/typescript/-/typescript-4.1.5.tgz#123a3b214aaff3be32926f0d8f1f6e704eb89a72"
  integrity sha512-6OSu9PTIzmn9TCDiovULTnET6BgXtDYL4Gg4szY+cGsc3JP1dQL8qvE8kShTRx1NIw4Q9IBHlwODjkjWEtMUyA==

validated@^2.0.1:
  version "2.0.1"
  resolved "https://registry.yarnpkg.com/validated/-/validated-2.0.1.tgz#d1a955df32426682361046cabeb7e5718c0006a2"
  integrity sha512-3Aj72BVIxo2psvV97U6Z+a/1YFqz9Oid6Vk/73ur8QOzBQNOqIu4w/0DD86C/2itguQOQ7tWFsYb44TqvRSftg==
  dependencies:
    commander "^2.19.0"
    custom-error-instance "^2.1.1"
    indent-string "^3.2.0"
    invariant "^2.2.4"
    levenshtein-edit-distance "^2.0.2"
